// !$*UTF8*$!
{
	archiveVersion = 1;
	classes = {
	};
	objectVersion = 51;
	objects = {

/* Begin PBXBuildFile section */
		B6BD44371CFE2DE88DEE9621 /* Pods_BSDevLibs.framework in Frameworks */ = {isa = PBXBuildFile; fileRef = 7BBF4CAAA19C9F4394044E0D /* Pods_BSDevLibs.framework */; };
		CBDAEC0C75F10392A3FB15DE /* Pods_BSDevLibs.framework in Frameworks */ = {isa = PBXBuildFile; fileRef = CEFAE5772406EF0A002AB5E6 /* Pods_BSDevLibs.framework */; };
		CEFAE5442406DE5C002AB5E6 /* BSDevLibs.h in Headers */ = {isa = PBXBuildFile; fileRef = CEFAE5422406DE5C002AB5E6 /* BSDevLibs.h */; settings = {ATTRIBUTES = (Public, ); }; };
		CEFAE5512406DEB6002AB5E6 /* AppDelegate.swift in Sources */ = {isa = PBXBuildFile; fileRef = CEFAE5502406DEB6002AB5E6 /* AppDelegate.swift */; };
		CEFAE5532406DEB6002AB5E6 /* SceneDelegate.swift in Sources */ = {isa = PBXBuildFile; fileRef = CEFAE5522406DEB6002AB5E6 /* SceneDelegate.swift */; };
		CEFAE5552406DEB6002AB5E6 /* ViewController.swift in Sources */ = {isa = PBXBuildFile; fileRef = CEFAE5542406DEB6002AB5E6 /* ViewController.swift */; };
		CEFAE5582406DEB6002AB5E6 /* Main.storyboard in Resources */ = {isa = PBXBuildFile; fileRef = CEFAE5562406DEB6002AB5E6 /* Main.storyboard */; };
		CEFAE55A2406DEB7002AB5E6 /* Assets.xcassets in Resources */ = {isa = PBXBuildFile; fileRef = CEFAE5592406DEB7002AB5E6 /* Assets.xcassets */; };
		CEFAE55D2406DEB7002AB5E6 /* LaunchScreen.storyboard in Resources */ = {isa = PBXBuildFile; fileRef = CEFAE55B2406DEB7002AB5E6 /* LaunchScreen.storyboard */; };
		CEFAE5642406E830002AB5E6 /* BSDLNetworkManager.swift in Sources */ = {isa = PBXBuildFile; fileRef = CEFAE5632406E830002AB5E6 /* BSDLNetworkManager.swift */; };
		CEFAE5672406E8E3002AB5E6 /* BLNetworkServices.swift in Sources */ = {isa = PBXBuildFile; fileRef = CEFAE5662406E8E3002AB5E6 /* BLNetworkServices.swift */; };
		CEFAE5682406EC55002AB5E6 /* BSDevLibs.framework in Frameworks */ = {isa = PBXBuildFile; fileRef = CEFAE53F2406DE5C002AB5E6 /* BSDevLibs.framework */; };
		CEFAE5692406EC55002AB5E6 /* BSDevLibs.framework in Embed Frameworks */ = {isa = PBXBuildFile; fileRef = CEFAE53F2406DE5C002AB5E6 /* BSDevLibs.framework */; settings = {ATTRIBUTES = (CodeSignOnCopy, RemoveHeadersOnCopy, ); }; };
		CEFAE5792406EF0A002AB5E6 /* Pods_BSDevLibs.framework in Embed Frameworks */ = {isa = PBXBuildFile; fileRef = CEFAE5772406EF0A002AB5E6 /* Pods_BSDevLibs.framework */; settings = {ATTRIBUTES = (CodeSignOnCopy, RemoveHeadersOnCopy, ); }; };
		D9A8438673CC4DB53E55FC1B /* Pods_BSDevLibsExamples.framework in Frameworks */ = {isa = PBXBuildFile; fileRef = 800CB18EE9D728D0EA19BC8C /* Pods_BSDevLibsExamples.framework */; };
/* End PBXBuildFile section */

/* Begin PBXContainerItemProxy section */
		CEFAE56A2406EC55002AB5E6 /* PBXContainerItemProxy */ = {
			isa = PBXContainerItemProxy;
			containerPortal = CEFAE5362406DE5C002AB5E6 /* Project object */;
			proxyType = 1;
			remoteGlobalIDString = CEFAE53E2406DE5C002AB5E6;
			remoteInfo = BSDevLibs;
		};
/* End PBXContainerItemProxy section */

/* Begin PBXCopyFilesBuildPhase section */
		CEFAE56C2406EC55002AB5E6 /* Embed Frameworks */ = {
			isa = PBXCopyFilesBuildPhase;
			buildActionMask = 2147483647;
			dstPath = "";
			dstSubfolderSpec = 10;
			files = (
				CEFAE5692406EC55002AB5E6 /* BSDevLibs.framework in Embed Frameworks */,
				CEFAE5792406EF0A002AB5E6 /* Pods_BSDevLibs.framework in Embed Frameworks */,
			);
			name = "Embed Frameworks";
			runOnlyForDeploymentPostprocessing = 0;
		};
/* End PBXCopyFilesBuildPhase section */

/* Begin PBXFileReference section */
		47F7BABC3699DB414C11CB09 /* Pods-BSDevLibsExamples.debug.xcconfig */ = {isa = PBXFileReference; includeInIndex = 1; lastKnownFileType = text.xcconfig; name = "Pods-BSDevLibsExamples.debug.xcconfig"; path = "Target Support Files/Pods-BSDevLibsExamples/Pods-BSDevLibsExamples.debug.xcconfig"; sourceTree = "<group>"; };
		7BBF4CAAA19C9F4394044E0D /* Pods_BSDevLibs.framework */ = {isa = PBXFileReference; explicitFileType = wrapper.framework; includeInIndex = 0; path = Pods_BSDevLibs.framework; sourceTree = BUILT_PRODUCTS_DIR; };
		800CB18EE9D728D0EA19BC8C /* Pods_BSDevLibsExamples.framework */ = {isa = PBXFileReference; explicitFileType = wrapper.framework; includeInIndex = 0; path = Pods_BSDevLibsExamples.framework; sourceTree = BUILT_PRODUCTS_DIR; };
		8C34204AB309EC8834A3B76D /* Pods-BSDevLibs.release.xcconfig */ = {isa = PBXFileReference; includeInIndex = 1; lastKnownFileType = text.xcconfig; name = "Pods-BSDevLibs.release.xcconfig"; path = "Target Support Files/Pods-BSDevLibs/Pods-BSDevLibs.release.xcconfig"; sourceTree = "<group>"; };
		CC9BDC7159F989CD39962F7B /* Pods-BSDevLibs.debug.xcconfig */ = {isa = PBXFileReference; includeInIndex = 1; lastKnownFileType = text.xcconfig; name = "Pods-BSDevLibs.debug.xcconfig"; path = "Target Support Files/Pods-BSDevLibs/Pods-BSDevLibs.debug.xcconfig"; sourceTree = "<group>"; };
		CEFAE53F2406DE5C002AB5E6 /* BSDevLibs.framework */ = {isa = PBXFileReference; explicitFileType = wrapper.framework; includeInIndex = 0; path = BSDevLibs.framework; sourceTree = BUILT_PRODUCTS_DIR; };
		CEFAE5422406DE5C002AB5E6 /* BSDevLibs.h */ = {isa = PBXFileReference; lastKnownFileType = sourcecode.c.h; path = BSDevLibs.h; sourceTree = "<group>"; };
		CEFAE5432406DE5C002AB5E6 /* Info.plist */ = {isa = PBXFileReference; lastKnownFileType = text.plist.xml; path = Info.plist; sourceTree = "<group>"; };
		CEFAE54E2406DEB6002AB5E6 /* BSDevLibsExamples.app */ = {isa = PBXFileReference; explicitFileType = wrapper.application; includeInIndex = 0; path = BSDevLibsExamples.app; sourceTree = BUILT_PRODUCTS_DIR; };
		CEFAE5502406DEB6002AB5E6 /* AppDelegate.swift */ = {isa = PBXFileReference; lastKnownFileType = sourcecode.swift; path = AppDelegate.swift; sourceTree = "<group>"; };
		CEFAE5522406DEB6002AB5E6 /* SceneDelegate.swift */ = {isa = PBXFileReference; lastKnownFileType = sourcecode.swift; path = SceneDelegate.swift; sourceTree = "<group>"; };
		CEFAE5542406DEB6002AB5E6 /* ViewController.swift */ = {isa = PBXFileReference; lastKnownFileType = sourcecode.swift; path = ViewController.swift; sourceTree = "<group>"; };
		CEFAE5572406DEB6002AB5E6 /* Base */ = {isa = PBXFileReference; lastKnownFileType = file.storyboard; name = Base; path = Base.lproj/Main.storyboard; sourceTree = "<group>"; };
		CEFAE5592406DEB7002AB5E6 /* Assets.xcassets */ = {isa = PBXFileReference; lastKnownFileType = folder.assetcatalog; path = Assets.xcassets; sourceTree = "<group>"; };
		CEFAE55C2406DEB7002AB5E6 /* Base */ = {isa = PBXFileReference; lastKnownFileType = file.storyboard; name = Base; path = Base.lproj/LaunchScreen.storyboard; sourceTree = "<group>"; };
		CEFAE55E2406DEB7002AB5E6 /* Info.plist */ = {isa = PBXFileReference; lastKnownFileType = text.plist.xml; path = Info.plist; sourceTree = "<group>"; };
		CEFAE5632406E830002AB5E6 /* BSDLNetworkManager.swift */ = {isa = PBXFileReference; fileEncoding = 4; lastKnownFileType = sourcecode.swift; path = BSDLNetworkManager.swift; sourceTree = "<group>"; };
		CEFAE5662406E8E3002AB5E6 /* BLNetworkServices.swift */ = {isa = PBXFileReference; lastKnownFileType = sourcecode.swift; path = BLNetworkServices.swift; sourceTree = "<group>"; };
		CEFAE5732406EE9E002AB5E6 /* Alamofire.framework */ = {isa = PBXFileReference; explicitFileType = wrapper.framework; path = Alamofire.framework; sourceTree = BUILT_PRODUCTS_DIR; };
		CEFAE5772406EF0A002AB5E6 /* Pods_BSDevLibs.framework */ = {isa = PBXFileReference; explicitFileType = wrapper.framework; path = Pods_BSDevLibs.framework; sourceTree = BUILT_PRODUCTS_DIR; };
		CEFAE57A2406EF8A002AB5E6 /* Alamofire.framework */ = {isa = PBXFileReference; explicitFileType = wrapper.framework; path = Alamofire.framework; sourceTree = BUILT_PRODUCTS_DIR; };
		D30D40A8544E6885516B97BC /* Pods-BSDevLibsExamples.release.xcconfig */ = {isa = PBXFileReference; includeInIndex = 1; lastKnownFileType = text.xcconfig; name = "Pods-BSDevLibsExamples.release.xcconfig"; path = "Target Support Files/Pods-BSDevLibsExamples/Pods-BSDevLibsExamples.release.xcconfig"; sourceTree = "<group>"; };
/* End PBXFileReference section */

/* Begin PBXFrameworksBuildPhase section */
		CEFAE53C2406DE5C002AB5E6 /* Frameworks */ = {
			isa = PBXFrameworksBuildPhase;
			buildActionMask = 2147483647;
			files = (
				B6BD44371CFE2DE88DEE9621 /* Pods_BSDevLibs.framework in Frameworks */,
				CBDAEC0C75F10392A3FB15DE /* Pods_BSDevLibs.framework in Frameworks */,
			);
			runOnlyForDeploymentPostprocessing = 0;
		};
		CEFAE54B2406DEB6002AB5E6 /* Frameworks */ = {
			isa = PBXFrameworksBuildPhase;
			buildActionMask = 2147483647;
			files = (
				D9A8438673CC4DB53E55FC1B /* Pods_BSDevLibsExamples.framework in Frameworks */,
				CEFAE5682406EC55002AB5E6 /* BSDevLibs.framework in Frameworks */,
			);
			runOnlyForDeploymentPostprocessing = 0;
		};
/* End PBXFrameworksBuildPhase section */

/* Begin PBXGroup section */
		3368C309B529468CBC45478C /* Frameworks */ = {
			isa = PBXGroup;
			children = (
				CEFAE57A2406EF8A002AB5E6 /* Alamofire.framework */,
				CEFAE5732406EE9E002AB5E6 /* Alamofire.framework */,
				7BBF4CAAA19C9F4394044E0D /* Pods_BSDevLibs.framework */,
				800CB18EE9D728D0EA19BC8C /* Pods_BSDevLibsExamples.framework */,
			);
			name = Frameworks;
			sourceTree = "<group>";
		};
		3F8F0FC9AE4ABF3638D828FC /* Pods */ = {
			isa = PBXGroup;
			children = (
				CC9BDC7159F989CD39962F7B /* Pods-BSDevLibs.debug.xcconfig */,
				8C34204AB309EC8834A3B76D /* Pods-BSDevLibs.release.xcconfig */,
				47F7BABC3699DB414C11CB09 /* Pods-BSDevLibsExamples.debug.xcconfig */,
				D30D40A8544E6885516B97BC /* Pods-BSDevLibsExamples.release.xcconfig */,
			);
			path = Pods;
			sourceTree = "<group>";
		};
		CEFAE5352406DE5C002AB5E6 = {
			isa = PBXGroup;
			children = (
				CEFAE5412406DE5C002AB5E6 /* BSDevLibs */,
				CEFAE54F2406DEB6002AB5E6 /* BSDevLibsExamples */,
				CEFAE5402406DE5C002AB5E6 /* Products */,
				3F8F0FC9AE4ABF3638D828FC /* Pods */,
				3368C309B529468CBC45478C /* Frameworks */,
				CEFAE5802406F242002AB5E6 /* Recovered References */,
			);
			sourceTree = "<group>";
		};
		CEFAE5402406DE5C002AB5E6 /* Products */ = {
			isa = PBXGroup;
			children = (
				CEFAE53F2406DE5C002AB5E6 /* BSDevLibs.framework */,
				CEFAE54E2406DEB6002AB5E6 /* BSDevLibsExamples.app */,
			);
			name = Products;
			sourceTree = "<group>";
		};
		CEFAE5412406DE5C002AB5E6 /* BSDevLibs */ = {
			isa = PBXGroup;
			children = (
				CEFAE5622406E7E8002AB5E6 /* BSDLNetworkManager */,
				CEFAE5422406DE5C002AB5E6 /* BSDevLibs.h */,
				CEFAE5432406DE5C002AB5E6 /* Info.plist */,
			);
			path = BSDevLibs;
			sourceTree = "<group>";
		};
		CEFAE54F2406DEB6002AB5E6 /* BSDevLibsExamples */ = {
			isa = PBXGroup;
			children = (
				CEFAE5652406E8A8002AB5E6 /* BSDLNetworkManager Demo */,
				CEFAE5502406DEB6002AB5E6 /* AppDelegate.swift */,
				CEFAE5522406DEB6002AB5E6 /* SceneDelegate.swift */,
				CEFAE5542406DEB6002AB5E6 /* ViewController.swift */,
				CEFAE5562406DEB6002AB5E6 /* Main.storyboard */,
				CEFAE5592406DEB7002AB5E6 /* Assets.xcassets */,
				CEFAE55B2406DEB7002AB5E6 /* LaunchScreen.storyboard */,
				CEFAE55E2406DEB7002AB5E6 /* Info.plist */,
			);
			path = BSDevLibsExamples;
			sourceTree = "<group>";
		};
		CEFAE5622406E7E8002AB5E6 /* BSDLNetworkManager */ = {
			isa = PBXGroup;
			children = (
				CEFAE5632406E830002AB5E6 /* BSDLNetworkManager.swift */,
			);
			path = BSDLNetworkManager;
			sourceTree = "<group>";
		};
		CEFAE5652406E8A8002AB5E6 /* BSDLNetworkManager Demo */ = {
			isa = PBXGroup;
			children = (
				CEFAE5662406E8E3002AB5E6 /* BLNetworkServices.swift */,
			);
			path = "BSDLNetworkManager Demo";
			sourceTree = "<group>";
		};
		CEFAE5802406F242002AB5E6 /* Recovered References */ = {
			isa = PBXGroup;
			children = (
				CEFAE5772406EF0A002AB5E6 /* Pods_BSDevLibs.framework */,
			);
			name = "Recovered References";
			sourceTree = "<group>";
		};
/* End PBXGroup section */

/* Begin PBXHeadersBuildPhase section */
		CEFAE53A2406DE5C002AB5E6 /* Headers */ = {
			isa = PBXHeadersBuildPhase;
			buildActionMask = 2147483647;
			files = (
				CEFAE5442406DE5C002AB5E6 /* BSDevLibs.h in Headers */,
			);
			runOnlyForDeploymentPostprocessing = 0;
		};
/* End PBXHeadersBuildPhase section */

/* Begin PBXNativeTarget section */
		CEFAE53E2406DE5C002AB5E6 /* BSDevLibs */ = {
			isa = PBXNativeTarget;
			buildConfigurationList = CEFAE5472406DE5C002AB5E6 /* Build configuration list for PBXNativeTarget "BSDevLibs" */;
			buildPhases = (
				3AC5C762D7575668C871517E /* [CP] Check Pods Manifest.lock */,
				CEFAE53A2406DE5C002AB5E6 /* Headers */,
				CEFAE53B2406DE5C002AB5E6 /* Sources */,
				CEFAE53C2406DE5C002AB5E6 /* Frameworks */,
				CEFAE53D2406DE5C002AB5E6 /* Resources */,
			);
			buildRules = (
			);
			dependencies = (
			);
			name = BSDevLibs;
			productName = BSDevLibs;
			productReference = CEFAE53F2406DE5C002AB5E6 /* BSDevLibs.framework */;
			productType = "com.apple.product-type.framework";
		};
		CEFAE54D2406DEB6002AB5E6 /* BSDevLibsExamples */ = {
			isa = PBXNativeTarget;
			buildConfigurationList = CEFAE55F2406DEB7002AB5E6 /* Build configuration list for PBXNativeTarget "BSDevLibsExamples" */;
			buildPhases = (
				572C3043251C8BD73CB7BF5C /* [CP] Check Pods Manifest.lock */,
				CEFAE54A2406DEB6002AB5E6 /* Sources */,
				CEFAE54B2406DEB6002AB5E6 /* Frameworks */,
				CEFAE54C2406DEB6002AB5E6 /* Resources */,
				CEFAE56C2406EC55002AB5E6 /* Embed Frameworks */,
				6E857C09D284BDC2DB478E24 /* [CP] Embed Pods Frameworks */,
			);
			buildRules = (
			);
			dependencies = (
				CEFAE56B2406EC55002AB5E6 /* PBXTargetDependency */,
			);
			name = BSDevLibsExamples;
			productName = BSDevLibsExamples;
			productReference = CEFAE54E2406DEB6002AB5E6 /* BSDevLibsExamples.app */;
			productType = "com.apple.product-type.application";
		};
/* End PBXNativeTarget section */

/* Begin PBXProject section */
		CEFAE5362406DE5C002AB5E6 /* Project object */ = {
			isa = PBXProject;
			attributes = {
				LastSwiftUpdateCheck = 1130;
				LastUpgradeCheck = 1130;
				ORGANIZATIONNAME = "Bhavesh Sarwar";
				TargetAttributes = {
					CEFAE53E2406DE5C002AB5E6 = {
						CreatedOnToolsVersion = 11.3.1;
						LastSwiftMigration = 1130;
					};
					CEFAE54D2406DEB6002AB5E6 = {
						CreatedOnToolsVersion = 11.3.1;
					};
				};
			};
			buildConfigurationList = CEFAE5392406DE5C002AB5E6 /* Build configuration list for PBXProject "BSDevLibs" */;
			compatibilityVersion = "Xcode 9.3";
			developmentRegion = en;
			hasScannedForEncodings = 0;
			knownRegions = (
				en,
				Base,
			);
			mainGroup = CEFAE5352406DE5C002AB5E6;
			productRefGroup = CEFAE5402406DE5C002AB5E6 /* Products */;
			projectDirPath = "";
			projectRoot = "";
			targets = (
				CEFAE53E2406DE5C002AB5E6 /* BSDevLibs */,
				CEFAE54D2406DEB6002AB5E6 /* BSDevLibsExamples */,
			);
		};
/* End PBXProject section */

/* Begin PBXResourcesBuildPhase section */
		CEFAE53D2406DE5C002AB5E6 /* Resources */ = {
			isa = PBXResourcesBuildPhase;
			buildActionMask = 2147483647;
			files = (
			);
			runOnlyForDeploymentPostprocessing = 0;
		};
		CEFAE54C2406DEB6002AB5E6 /* Resources */ = {
			isa = PBXResourcesBuildPhase;
			buildActionMask = 2147483647;
			files = (
				CEFAE55D2406DEB7002AB5E6 /* LaunchScreen.storyboard in Resources */,
				CEFAE55A2406DEB7002AB5E6 /* Assets.xcassets in Resources */,
				CEFAE5582406DEB6002AB5E6 /* Main.storyboard in Resources */,
			);
			runOnlyForDeploymentPostprocessing = 0;
		};
/* End PBXResourcesBuildPhase section */

/* Begin PBXShellScriptBuildPhase section */
		3AC5C762D7575668C871517E /* [CP] Check Pods Manifest.lock */ = {
			isa = PBXShellScriptBuildPhase;
			buildActionMask = 2147483647;
			files = (
			);
			inputFileListPaths = (
			);
			inputPaths = (
				"${PODS_PODFILE_DIR_PATH}/Podfile.lock",
				"${PODS_ROOT}/Manifest.lock",
			);
			name = "[CP] Check Pods Manifest.lock";
			outputFileListPaths = (
			);
			outputPaths = (
				"$(DERIVED_FILE_DIR)/Pods-BSDevLibs-checkManifestLockResult.txt",
			);
			runOnlyForDeploymentPostprocessing = 0;
			shellPath = /bin/sh;
			shellScript = "diff \"${PODS_PODFILE_DIR_PATH}/Podfile.lock\" \"${PODS_ROOT}/Manifest.lock\" > /dev/null\nif [ $? != 0 ] ; then\n    # print error to STDERR\n    echo \"error: The sandbox is not in sync with the Podfile.lock. Run 'pod install' or update your CocoaPods installation.\" >&2\n    exit 1\nfi\n# This output is used by Xcode 'outputs' to avoid re-running this script phase.\necho \"SUCCESS\" > \"${SCRIPT_OUTPUT_FILE_0}\"\n";
			showEnvVarsInLog = 0;
		};
		572C3043251C8BD73CB7BF5C /* [CP] Check Pods Manifest.lock */ = {
			isa = PBXShellScriptBuildPhase;
			buildActionMask = 2147483647;
			files = (
			);
			inputFileListPaths = (
			);
			inputPaths = (
				"${PODS_PODFILE_DIR_PATH}/Podfile.lock",
				"${PODS_ROOT}/Manifest.lock",
			);
			name = "[CP] Check Pods Manifest.lock";
			outputFileListPaths = (
			);
			outputPaths = (
				"$(DERIVED_FILE_DIR)/Pods-BSDevLibsExamples-checkManifestLockResult.txt",
			);
			runOnlyForDeploymentPostprocessing = 0;
			shellPath = /bin/sh;
			shellScript = "diff \"${PODS_PODFILE_DIR_PATH}/Podfile.lock\" \"${PODS_ROOT}/Manifest.lock\" > /dev/null\nif [ $? != 0 ] ; then\n    # print error to STDERR\n    echo \"error: The sandbox is not in sync with the Podfile.lock. Run 'pod install' or update your CocoaPods installation.\" >&2\n    exit 1\nfi\n# This output is used by Xcode 'outputs' to avoid re-running this script phase.\necho \"SUCCESS\" > \"${SCRIPT_OUTPUT_FILE_0}\"\n";
			showEnvVarsInLog = 0;
		};
		6E857C09D284BDC2DB478E24 /* [CP] Embed Pods Frameworks */ = {
			isa = PBXShellScriptBuildPhase;
			buildActionMask = 2147483647;
			files = (
			);
			inputFileListPaths = (
				"${PODS_ROOT}/Target Support Files/Pods-BSDevLibsExamples/Pods-BSDevLibsExamples-frameworks-${CONFIGURATION}-input-files.xcfilelist",
			);
			name = "[CP] Embed Pods Frameworks";
			outputFileListPaths = (
				"${PODS_ROOT}/Target Support Files/Pods-BSDevLibsExamples/Pods-BSDevLibsExamples-frameworks-${CONFIGURATION}-output-files.xcfilelist",
			);
			runOnlyForDeploymentPostprocessing = 0;
			shellPath = /bin/sh;
			shellScript = "\"${PODS_ROOT}/Target Support Files/Pods-BSDevLibsExamples/Pods-BSDevLibsExamples-frameworks.sh\"\n";
			showEnvVarsInLog = 0;
		};
/* End PBXShellScriptBuildPhase section */

/* Begin PBXSourcesBuildPhase section */
		CEFAE53B2406DE5C002AB5E6 /* Sources */ = {
			isa = PBXSourcesBuildPhase;
			buildActionMask = 2147483647;
			files = (
				CEFAE5642406E830002AB5E6 /* BSDLNetworkManager.swift in Sources */,
			);
			runOnlyForDeploymentPostprocessing = 0;
		};
		CEFAE54A2406DEB6002AB5E6 /* Sources */ = {
			isa = PBXSourcesBuildPhase;
			buildActionMask = 2147483647;
			files = (
				CEFAE5552406DEB6002AB5E6 /* ViewController.swift in Sources */,
				CEFAE5512406DEB6002AB5E6 /* AppDelegate.swift in Sources */,
				CEFAE5672406E8E3002AB5E6 /* BLNetworkServices.swift in Sources */,
				CEFAE5532406DEB6002AB5E6 /* SceneDelegate.swift in Sources */,
			);
			runOnlyForDeploymentPostprocessing = 0;
		};
/* End PBXSourcesBuildPhase section */

/* Begin PBXTargetDependency section */
		CEFAE56B2406EC55002AB5E6 /* PBXTargetDependency */ = {
			isa = PBXTargetDependency;
			target = CEFAE53E2406DE5C002AB5E6 /* BSDevLibs */;
			targetProxy = CEFAE56A2406EC55002AB5E6 /* PBXContainerItemProxy */;
		};
/* End PBXTargetDependency section */

/* Begin PBXVariantGroup section */
		CEFAE5562406DEB6002AB5E6 /* Main.storyboard */ = {
			isa = PBXVariantGroup;
			children = (
				CEFAE5572406DEB6002AB5E6 /* Base */,
			);
			name = Main.storyboard;
			sourceTree = "<group>";
		};
		CEFAE55B2406DEB7002AB5E6 /* LaunchScreen.storyboard */ = {
			isa = PBXVariantGroup;
			children = (
				CEFAE55C2406DEB7002AB5E6 /* Base */,
			);
			name = LaunchScreen.storyboard;
			sourceTree = "<group>";
		};
/* End PBXVariantGroup section */

/* Begin XCBuildConfiguration section */
		CEFAE5452406DE5C002AB5E6 /* Debug */ = {
			isa = XCBuildConfiguration;
			buildSettings = {
				ALWAYS_SEARCH_USER_PATHS = NO;
				CLANG_ANALYZER_NONNULL = YES;
				CLANG_ANALYZER_NUMBER_OBJECT_CONVERSION = YES_AGGRESSIVE;
				CLANG_CXX_LANGUAGE_STANDARD = "gnu++14";
				CLANG_CXX_LIBRARY = "libc++";
				CLANG_ENABLE_MODULES = YES;
				CLANG_ENABLE_OBJC_ARC = YES;
				CLANG_ENABLE_OBJC_WEAK = YES;
				CLANG_WARN_BLOCK_CAPTURE_AUTORELEASING = YES;
				CLANG_WARN_BOOL_CONVERSION = YES;
				CLANG_WARN_COMMA = YES;
				CLANG_WARN_CONSTANT_CONVERSION = YES;
				CLANG_WARN_DEPRECATED_OBJC_IMPLEMENTATIONS = YES;
				CLANG_WARN_DIRECT_OBJC_ISA_USAGE = YES_ERROR;
				CLANG_WARN_DOCUMENTATION_COMMENTS = YES;
				CLANG_WARN_EMPTY_BODY = YES;
				CLANG_WARN_ENUM_CONVERSION = YES;
				CLANG_WARN_INFINITE_RECURSION = YES;
				CLANG_WARN_INT_CONVERSION = YES;
				CLANG_WARN_NON_LITERAL_NULL_CONVERSION = YES;
				CLANG_WARN_OBJC_IMPLICIT_RETAIN_SELF = YES;
				CLANG_WARN_OBJC_LITERAL_CONVERSION = YES;
				CLANG_WARN_OBJC_ROOT_CLASS = YES_ERROR;
				CLANG_WARN_RANGE_LOOP_ANALYSIS = YES;
				CLANG_WARN_STRICT_PROTOTYPES = YES;
				CLANG_WARN_SUSPICIOUS_MOVE = YES;
				CLANG_WARN_UNGUARDED_AVAILABILITY = YES_AGGRESSIVE;
				CLANG_WARN_UNREACHABLE_CODE = YES;
				CLANG_WARN__DUPLICATE_METHOD_MATCH = YES;
				COPY_PHASE_STRIP = NO;
				CURRENT_PROJECT_VERSION = 1;
				DEBUG_INFORMATION_FORMAT = dwarf;
				ENABLE_STRICT_OBJC_MSGSEND = YES;
				ENABLE_TESTABILITY = YES;
				GCC_C_LANGUAGE_STANDARD = gnu11;
				GCC_DYNAMIC_NO_PIC = NO;
				GCC_NO_COMMON_BLOCKS = YES;
				GCC_OPTIMIZATION_LEVEL = 0;
				GCC_PREPROCESSOR_DEFINITIONS = (
					"DEBUG=1",
					"$(inherited)",
				);
				GCC_WARN_64_TO_32_BIT_CONVERSION = YES;
				GCC_WARN_ABOUT_RETURN_TYPE = YES_ERROR;
				GCC_WARN_UNDECLARED_SELECTOR = YES;
				GCC_WARN_UNINITIALIZED_AUTOS = YES_AGGRESSIVE;
				GCC_WARN_UNUSED_FUNCTION = YES;
				GCC_WARN_UNUSED_VARIABLE = YES;
				IPHONEOS_DEPLOYMENT_TARGET = 13.2;
				MTL_ENABLE_DEBUG_INFO = INCLUDE_SOURCE;
				MTL_FAST_MATH = YES;
				ONLY_ACTIVE_ARCH = YES;
				SDKROOT = iphoneos;
				SWIFT_ACTIVE_COMPILATION_CONDITIONS = DEBUG;
				SWIFT_OPTIMIZATION_LEVEL = "-Onone";
				VERSIONING_SYSTEM = "apple-generic";
				VERSION_INFO_PREFIX = "";
			};
			name = Debug;
		};
		CEFAE5462406DE5C002AB5E6 /* Release */ = {
			isa = XCBuildConfiguration;
			buildSettings = {
				ALWAYS_SEARCH_USER_PATHS = NO;
				CLANG_ANALYZER_NONNULL = YES;
				CLANG_ANALYZER_NUMBER_OBJECT_CONVERSION = YES_AGGRESSIVE;
				CLANG_CXX_LANGUAGE_STANDARD = "gnu++14";
				CLANG_CXX_LIBRARY = "libc++";
				CLANG_ENABLE_MODULES = YES;
				CLANG_ENABLE_OBJC_ARC = YES;
				CLANG_ENABLE_OBJC_WEAK = YES;
				CLANG_WARN_BLOCK_CAPTURE_AUTORELEASING = YES;
				CLANG_WARN_BOOL_CONVERSION = YES;
				CLANG_WARN_COMMA = YES;
				CLANG_WARN_CONSTANT_CONVERSION = YES;
				CLANG_WARN_DEPRECATED_OBJC_IMPLEMENTATIONS = YES;
				CLANG_WARN_DIRECT_OBJC_ISA_USAGE = YES_ERROR;
				CLANG_WARN_DOCUMENTATION_COMMENTS = YES;
				CLANG_WARN_EMPTY_BODY = YES;
				CLANG_WARN_ENUM_CONVERSION = YES;
				CLANG_WARN_INFINITE_RECURSION = YES;
				CLANG_WARN_INT_CONVERSION = YES;
				CLANG_WARN_NON_LITERAL_NULL_CONVERSION = YES;
				CLANG_WARN_OBJC_IMPLICIT_RETAIN_SELF = YES;
				CLANG_WARN_OBJC_LITERAL_CONVERSION = YES;
				CLANG_WARN_OBJC_ROOT_CLASS = YES_ERROR;
				CLANG_WARN_RANGE_LOOP_ANALYSIS = YES;
				CLANG_WARN_STRICT_PROTOTYPES = YES;
				CLANG_WARN_SUSPICIOUS_MOVE = YES;
				CLANG_WARN_UNGUARDED_AVAILABILITY = YES_AGGRESSIVE;
				CLANG_WARN_UNREACHABLE_CODE = YES;
				CLANG_WARN__DUPLICATE_METHOD_MATCH = YES;
				COPY_PHASE_STRIP = NO;
				CURRENT_PROJECT_VERSION = 1;
				DEBUG_INFORMATION_FORMAT = "dwarf-with-dsym";
				ENABLE_NS_ASSERTIONS = NO;
				ENABLE_STRICT_OBJC_MSGSEND = YES;
				GCC_C_LANGUAGE_STANDARD = gnu11;
				GCC_NO_COMMON_BLOCKS = YES;
				GCC_WARN_64_TO_32_BIT_CONVERSION = YES;
				GCC_WARN_ABOUT_RETURN_TYPE = YES_ERROR;
				GCC_WARN_UNDECLARED_SELECTOR = YES;
				GCC_WARN_UNINITIALIZED_AUTOS = YES_AGGRESSIVE;
				GCC_WARN_UNUSED_FUNCTION = YES;
				GCC_WARN_UNUSED_VARIABLE = YES;
				IPHONEOS_DEPLOYMENT_TARGET = 13.2;
				MTL_ENABLE_DEBUG_INFO = NO;
				MTL_FAST_MATH = YES;
				SDKROOT = iphoneos;
				SWIFT_COMPILATION_MODE = wholemodule;
				SWIFT_OPTIMIZATION_LEVEL = "-O";
				VALIDATE_PRODUCT = YES;
				VERSIONING_SYSTEM = "apple-generic";
				VERSION_INFO_PREFIX = "";
			};
			name = Release;
		};
		CEFAE5482406DE5C002AB5E6 /* Debug */ = {
			isa = XCBuildConfiguration;
			baseConfigurationReference = CC9BDC7159F989CD39962F7B /* Pods-BSDevLibs.debug.xcconfig */;
			buildSettings = {
				CLANG_ENABLE_MODULES = YES;
				CODE_SIGN_STYLE = Automatic;
				DEFINES_MODULE = YES;
				DEVELOPMENT_TEAM = 2WR2VVTMNL;
				DYLIB_COMPATIBILITY_VERSION = 1;
				DYLIB_CURRENT_VERSION = 1;
				DYLIB_INSTALL_NAME_BASE = "@rpath";
				INFOPLIST_FILE = BSDevLibs/Info.plist;
				INSTALL_PATH = "$(LOCAL_LIBRARY_DIR)/Frameworks";
				LD_RUNPATH_SEARCH_PATHS = (
					"$(inherited)",
					"@executable_path/Frameworks",
					"@loader_path/Frameworks",
				);
				PRODUCT_BUNDLE_IDENTIFIER = com.bsdev..BSDevLibs;
				PRODUCT_NAME = "$(TARGET_NAME:c99extidentifier)";
				SKIP_INSTALL = YES;
				SWIFT_OPTIMIZATION_LEVEL = "-Onone";
				SWIFT_VERSION = 5.0;
				TARGETED_DEVICE_FAMILY = "1,2";
			};
			name = Debug;
		};
		CEFAE5492406DE5C002AB5E6 /* Release */ = {
			isa = XCBuildConfiguration;
			baseConfigurationReference = 8C34204AB309EC8834A3B76D /* Pods-BSDevLibs.release.xcconfig */;
			buildSettings = {
				CLANG_ENABLE_MODULES = YES;
				CODE_SIGN_STYLE = Automatic;
				DEFINES_MODULE = YES;
				DEVELOPMENT_TEAM = 2WR2VVTMNL;
				DYLIB_COMPATIBILITY_VERSION = 1;
				DYLIB_CURRENT_VERSION = 1;
				DYLIB_INSTALL_NAME_BASE = "@rpath";
				INFOPLIST_FILE = BSDevLibs/Info.plist;
				INSTALL_PATH = "$(LOCAL_LIBRARY_DIR)/Frameworks";
				LD_RUNPATH_SEARCH_PATHS = (
					"$(inherited)",
					"@executable_path/Frameworks",
					"@loader_path/Frameworks",
				);
				PRODUCT_BUNDLE_IDENTIFIER = com.bsdev..BSDevLibs;
				PRODUCT_NAME = "$(TARGET_NAME:c99extidentifier)";
				SKIP_INSTALL = YES;
				SWIFT_VERSION = 5.0;
				TARGETED_DEVICE_FAMILY = "1,2";
			};
			name = Release;
		};
		CEFAE5602406DEB7002AB5E6 /* Debug */ = {
			isa = XCBuildConfiguration;
			baseConfigurationReference = 47F7BABC3699DB414C11CB09 /* Pods-BSDevLibsExamples.debug.xcconfig */;
			buildSettings = {
				ASSETCATALOG_COMPILER_APPICON_NAME = AppIcon;
				CODE_SIGN_STYLE = Automatic;
				DEVELOPMENT_TEAM = 2WR2VVTMNL;
				INFOPLIST_FILE = BSDevLibsExamples/Info.plist;
				LD_RUNPATH_SEARCH_PATHS = (
					"$(inherited)",
					"@executable_path/Frameworks",
				);
				PRODUCT_BUNDLE_IDENTIFIER = com.bsdev..BSDevLibsExamples;
				PRODUCT_NAME = "$(TARGET_NAME)";
				SWIFT_VERSION = 5.0;
				TARGETED_DEVICE_FAMILY = "1,2";
			};
			name = Debug;
		};
		CEFAE5612406DEB7002AB5E6 /* Release */ = {
			isa = XCBuildConfiguration;
			baseConfigurationReference = D30D40A8544E6885516B97BC /* Pods-BSDevLibsExamples.release.xcconfig */;
			buildSettings = {
				ASSETCATALOG_COMPILER_APPICON_NAME = AppIcon;
				CODE_SIGN_STYLE = Automatic;
				DEVELOPMENT_TEAM = 2WR2VVTMNL;
				INFOPLIST_FILE = BSDevLibsExamples/Info.plist;
				LD_RUNPATH_SEARCH_PATHS = (
					"$(inherited)",
					"@executable_path/Frameworks",
				);
				PRODUCT_BUNDLE_IDENTIFIER = com.bsdev..BSDevLibsExamples;
				PRODUCT_NAME = "$(TARGET_NAME)";
				SWIFT_VERSION = 5.0;
				TARGETED_DEVICE_FAMILY = "1,2";
			};
			name = Release;
		};
/* End XCBuildConfiguration section */

/* Begin XCConfigurationList section */
		CEFAE5392406DE5C002AB5E6 /* Build configuration list for PBXProject "BSDevLibs" */ = {
			isa = XCConfigurationList;
			buildConfigurations = (
				CEFAE5452406DE5C002AB5E6 /* Debug */,
				CEFAE5462406DE5C002AB5E6 /* Release */,
			);
			defaultConfigurationIsVisible = 0;
			defaultConfigurationName = Release;
		};
		CEFAE5472406DE5C002AB5E6 /* Build configuration list for PBXNativeTarget "BSDevLibs" */ = {
			isa = XCConfigurationList;
			buildConfigurations = (
				CEFAE5482406DE5C002AB5E6 /* Debug */,
				CEFAE5492406DE5C002AB5E6 /* Release */,
			);
			defaultConfigurationIsVisible = 0;
			defaultConfigurationName = Release;
		};
		CEFAE55F2406DEB7002AB5E6 /* Build configuration list for PBXNativeTarget "BSDevLibsExamples" */ = {
			isa = XCConfigurationList;
			buildConfigurations = (
				CEFAE5602406DEB7002AB5E6 /* Debug */,
				CEFAE5612406DEB7002AB5E6 /* Release */,
			);
			defaultConfigurationIsVisible = 0;
			defaultConfigurationName = Release;
		};
/* End XCConfigurationList section */
	};
	rootObject = CEFAE5362406DE5C002AB5E6 /* Project object */;
}
